
Microsoft Visual Studio Solution File, Format Version 12.00
# Visual Studio 15
VisualStudioVersion = 15.0.27004.2009
MinimumVisualStudioVersion = 10.0.40219.1
Project("{FAE04EC0-301F-11D3-BF4B-00C04F79EFBC}") = "Framework", "Framework\Framework.csproj", "{7E662717-FB05-4EE1-8AFD-7108D9C44FDC}"
EndProject
Global
	GlobalSection(SolutionConfigurationPlatforms) = preSolution
		Debug|Any CPU = Debug|Any CPU
		Release|Any CPU = Release|Any CPU
	EndGlobalSection
	GlobalSection(ProjectConfigurationPlatforms) = postSolution
		{7E662717-FB05-4EE1-8AFD-7108D9C44FDC}.Debug|Any CPU.ActiveCfg = Debug|Any CPU
		{7E662717-FB05-4EE1-8AFD-7108D9C44FDC}.Debug|Any CPU.Build.0 = Debug|Any CPU
		{7E662717-FB05-4EE1-8AFD-7108D9C44FDC}.Release|Any CPU.ActiveCfg = Release|Any CPU
		{7E662717-FB05-4EE1-8AFD-7108D9C44FDC}.Release|Any CPU.Build.0 = Release|Any CPU
	EndGlobalSection
	GlobalSection(SolutionProperties) = preSolution
		HideSolutionNode = FALSE
	EndGlobalSection
	GlobalSection(ExtensibilityGlobals) = postSolution
		SolutionGuid = {23953A51-9122-4A2E-9F04-8D0DB9C206F2}
	EndGlobalSection
EndGlobal
